[[package]]
category = "main"
description = "Radically simple IT automation"
name = "ansible"
optional = false
python-versions = ">=2.7,!=3.0.*,!=3.1.*,!=3.2.*,!=3.3.*,!=3.4.*"
version = "2.8.0"

[[package]]
category = "main"
description = "Ansible Modules for Hashicorp Vault"
name = "ansible-modules-hashivault"
optional = false
python-versions = "*"
version = "3.17.6"

[package.dependencies]
ansible = ">=2.0.0"
hvac = ">=0.7.0"
requests = "*"

[[package]]
category = "main"
description = "Amazon Web Services Library"
name = "boto"
optional = false
python-versions = "*"
version = "2.49.0"

[[package]]
category = "main"
description = "The AWS SDK for Python"
name = "boto3"
optional = false
python-versions = "*"
version = "1.9.157"

[package.dependencies]
botocore = ">=1.12.157,<1.13.0"
jmespath = ">=0.7.1,<1.0.0"
s3transfer = ">=0.2.0,<0.3.0"

[[package]]
category = "main"
description = "Low-level, data-driven core of boto 3."
name = "botocore"
optional = false
python-versions = "*"
version = "1.12.157"

[package.dependencies]
docutils = ">=0.10"
jmespath = ">=0.7.1,<1.0.0"

[package.dependencies.python-dateutil]
python = ">=2.7"
version = ">=2.1,<3.0.0"

[package.dependencies.urllib3]
python = ">=2.7,<2.8"
version = ">=1.20,<1.26"

[[package]]
category = "main"
description = "Python package for providing Mozilla's CA Bundle."
name = "certifi"
optional = false
python-versions = "*"
version = "2019.3.9"

[[package]]
category = "main"
description = "Universal encoding detector for Python 2 and 3"
name = "chardet"
optional = false
python-versions = "*"
version = "3.0.4"

[[package]]
category = "main"
description = "DNS toolkit"
name = "dnspython"
optional = false
python-versions = ">=2.7, !=3.0.*, !=3.1.*, !=3.2.*, !=3.3.*"
version = "1.16.0"

[[package]]
category = "main"
description = "Docutils -- Python Documentation Utilities"
name = "docutils"
optional = false
python-versions = "*"
version = "0.14"

[[package]]
category = "main"
description = "Backport of the concurrent.futures package from Python 3"
marker = "python_version == \"2.6\" or python_version == \"2.7\""
name = "futures"
optional = false
python-versions = ">=2.6, <3"
version = "3.2.0"

[[package]]
category = "main"
description = "HashiCorp Vault API client"
name = "hvac"
optional = false
python-versions = "*"
version = "0.9.1"

[package.dependencies]
requests = ">=2.21.0"

[[package]]
category = "main"
description = "Internationalized Domain Names in Applications (IDNA)"
name = "idna"
optional = false
python-versions = ">=2.7, !=3.0.*, !=3.1.*, !=3.2.*, !=3.3.*"
version = "2.8"

[[package]]
category = "main"
description = "JSON Matching Expressions"
name = "jmespath"
optional = false
python-versions = "*"
version = "0.9.4"

[[package]]
category = "main"
description = "A network address manipulation library for Python"
name = "netaddr"
optional = false
python-versions = "*"
version = "0.7.19"

[[package]]
category = "main"
description = "psycopg2 - Python-PostgreSQL Database Adapter"
name = "psycopg2-binary"
optional = false
python-versions = ">=2.7,!=3.0.*,!=3.1.*,!=3.2.*,!=3.3.*"
version = "2.8.2"

[[package]]
category = "main"
description = "Extensions to the standard Python datetime module"
marker = "python_version >= \"2.7\""
name = "python-dateutil"
optional = false
python-versions = ">=2.7, !=3.0.*, !=3.1.*, !=3.2.*"
version = "2.8.0"

[package.dependencies]
six = ">=1.5"

[[package]]
category = "main"
description = "Python HTTP for Humans."
name = "requests"
optional = false
python-versions = ">=2.7, !=3.0.*, !=3.1.*, !=3.2.*, !=3.3.*, !=3.4.*"
version = "2.22.0"

[package.dependencies]
certifi = ">=2017.4.17"
chardet = ">=3.0.2,<3.1.0"
idna = ">=2.5,<2.9"
urllib3 = ">=1.21.1,<1.25.0 || >1.25.0,<1.25.1 || >1.25.1,<1.26"

[[package]]
category = "main"
description = "An Amazon S3 Transfer Manager"
name = "s3transfer"
optional = false
python-versions = "*"
version = "0.2.0"

[package.dependencies]
botocore = ">=1.12.36,<2.0.0"

[package.dependencies.futures]
python = ">=2.6,<2.8"
version = ">=2.2.0,<4.0.0"

[[package]]
category = "main"
description = "Python 2 and 3 compatibility utilities"
marker = "python_version >= \"2.7\""
name = "six"
optional = false
python-versions = ">=2.6, !=3.0.*, !=3.1.*"
version = "1.12.0"

[[package]]
category = "main"
description = "HTTP library with thread-safe connection pooling, file post, and more."
name = "urllib3"
optional = false
python-versions = ">=2.7, !=3.0.*, !=3.1.*, !=3.2.*, !=3.3.*, <4"
version = "1.25.3"

[metadata]
content-hash = "ecce14355a86ad7fdfc54d2b35e298c85e2785c66dd07654c0e20e25d80e32d7"
python-versions = "^2.7"

[metadata.hashes]
ansible = ["7234dd7d89150dc5bf035bc1ec3c084a8a0699d89e1c9b06b2af6dd34b2ef3ae"]
ansible-modules-hashivault = ["8a3846057fd353de9d8ceda8afe80d31649d233d49c88a49f487a85fc3cd7fbe"]
boto = ["147758d41ae7240dc989f0039f27da8ca0d53734be0eb869ef16e3adcfa462e8", "ea0d3b40a2d852767be77ca343b58a9e3a4b00d9db440efb8da74b4e58025e5a"]
boto3 = ["98516650f72c02d0c7b47e6f0df69c19a0d1046d3973783ed7b0f093e8e81adb", "aa06b240e49dbc8443bd96086c92baa0275281e0f7cc0439a328fef9ac254253"]
botocore = ["2ded06af31f9e423fcf549e35f2fa0fd618e12995e37ebc52186dbaa870316c6", "473955cd4eda6121047205fc43c56ab0e0616b93651bac5e9c747fc180603fe2"]
certifi = ["59b7658e26ca9c7339e00f8f4636cdfe59d34fa37b9b04f6f9e9926b3cece1a5", "b26104d6835d1f5e49452a26eb2ff87fe7090b89dfcaee5ea2212697e1e1d7ae"]
chardet = ["84ab92ed1c4d4f16916e05906b6b75a6c0fb5db821cc65e70cbd64a3e2a5eaae", "fc323ffcaeaed0e0a02bf4d117757b98aed530d9ed4531e3e15460124c106691"]
dnspython = ["36c5e8e38d4369a08b6780b7f27d790a292b2b08eea01607865bf0936c558e01", "f69c21288a962f4da86e56c4905b49d11aba7938d3d740e80d9e366ee4f1632d"]
docutils = ["02aec4bd92ab067f6ff27a38a38a41173bf01bed8f89157768c1573f53e474a6", "51e64ef2ebfb29cae1faa133b3710143496eca21c530f3f71424d77687764274", "7a4bd47eaf6596e1295ecb11361139febe29b084a87bf005bf899f9a42edc3c6"]
futures = ["9ec02aa7d674acb8618afb127e27fde7fc68994c0437ad759fa094a574adb265", "ec0a6cb848cc212002b9828c3e34c675e0c9ff6741dc445cab6fdd4e1085d1f1"]
hvac = ["6cd735b29355716a6db3c274cfee726200f526a73b1d3a6d66eae0289563994c", "ea7ed345021e15ce37b6a970ee0480a9d7c33fd7195e50fba1261ac6f5aa6a16"]
idna = ["c357b3f628cf53ae2c4c05627ecc484553142ca23264e593d327bcde5e9c3407", "ea8b7f6188e6fa117537c3df7da9fc686d485087abf6ac197f9c46432f7e4a3c"]
jmespath = ["3720a4b1bd659dd2eecad0666459b9788813e032b83e7ba58578e48254e0a0e6", "bde2aef6f44302dfb30320115b17d030798de8c4110e28d5cf6cf91a7a31074c"]
netaddr = ["38aeec7cdd035081d3a4c306394b19d677623bf76fa0913f6695127c7753aefd", "56b3558bd71f3f6999e4c52e349f38660e54a7a8a9943335f73dfc96883e08ca"]
psycopg2-binary = ["007ca0df127b1862fc010125bc4100b7a630efc6841047bd11afceadb4754611", "03c49e02adf0b4d68f422fdbd98f7a7c547beb27e99a75ed02298f85cb48406a", "0a1232cdd314e08848825edda06600455ad2a7adaa463ebfb12ece2d09f3370e", "131c80d0958c89273d9720b9adf9df1d7600bb3120e16019a7389ab15b079af5", "2de34cc3b775724623f86617d2601308083176a495f5b2efc2bbb0da154f483a", "2eddc31500f73544a2a54123d4c4b249c3c711d31e64deddb0890982ea37397a", "484f6c62bdc166ee0e5be3aa831120423bf399786d1f3b0304526c86180fbc0b", "4c2d9369ed40b4a44a8ccd6bc3a7db6272b8314812d2d1091f95c4c836d92e06", "70f570b5fa44413b9f30dbc053d17ef3ce6a4100147a10822f8662e58d473656", "7a2b5b095f3bd733aab101c89c0e1a3f0dfb4ebdc26f6374805c086ffe29d5b2", "804914a669186e2843c1f7fbe12b55aad1b36d40a28274abe6027deffad9433d", "8520c03172da18345d012949a53617a963e0191ccb3c666f23276d5326af27b5", "90da901fc33ea393fc644607e4a3916b509387e9339ec6ebc7bfded45b7a0ae9", "a582416ad123291a82c300d1d872bdc4136d69ad0b41d57dc5ca3df7ef8e3088", "ac8c5e20309f4989c296d62cac20ee456b69c41fd1bc03829e27de23b6fa9dd0", "b2cf82f55a619879f8557fdaae5cec7a294fac815e0087c4f67026fdf5259844", "b59d6f8cfca2983d8fdbe457bf95d2192f7b7efdb2b483bf5fa4e8981b04e8b2", "be08168197021d669b9964bd87628fa88f910b1be31e7010901070f2540c05fd", "be0f952f1c365061041bad16e27e224e29615d4eb1fb5b7e7760a1d3d12b90b6", "c1c9a33e46d7c12b9c96cf2d4349d783e3127163fd96254dcd44663cf0a1d438", "d18c89957ac57dd2a2724ecfe9a759912d776f96ecabba23acb9ecbf5c731035", "d7e7b0ff21f39433c50397e60bf0995d078802c591ca3b8d99857ea18a7496ee", "da0929b2bf0d1f365345e5eb940d8713c1d516312e010135b14402e2a3d2404d", "de24a4962e361c512d3e528ded6c7480eab24c655b8ca1f0b761d3b3650d2f07", "e45f93ff3f7dae2202248cf413a87aeb330821bf76998b3cf374eda2fc893dd7", "f046aeae1f7a845041b8661bb7a52449202b6c5d3fb59eb4724e7ca088811904", "f1dc2b7b2748084b890f5d05b65a47cd03188824890e9a60818721fd492249fb", "fcbe7cf3a786572b73d2cd5f34ed452a5f5fac47c9c9d1e0642c457a148f9f88"]
python-dateutil = ["7e6584c74aeed623791615e26efd690f29817a27c73085b78e4bad02493df2fb", "c89805f6f4d64db21ed966fda138f8a5ed7a4fdbc1a8ee329ce1b74e3c74da9e"]
requests = ["11e007a8a2aa0323f5a921e9e6a2d7e4e67d9877e85773fba9ba6419025cbeb4", "9cf5292fcd0f598c671cfc1e0d7d1a7f13bb8085e9a590f48c010551dc6c4b31"]
s3transfer = ["7b9ad3213bff7d357f888e0fab5101b56fa1a0548ee77d121c3a3dbfbef4cb2e", "f23d5cb7d862b104401d9021fc82e5fa0e0cf57b7660a1331425aab0c691d021"]
six = ["3350809f0555b11f552448330d0b52d5f24c91a322ea4a15ef22629740f3761c", "d16a0141ec1a18405cd4ce8b4613101da75da0e9a7aec5bdd4fa804d0e0eba73"]
urllib3 = ["b246607a25ac80bedac05c6f282e3cdaf3afb65420fd024ac94435cabe6e18d1", "dbe59173209418ae49d485b87d1681aefa36252ee85884c31346debd19463232"]
