dependencies:
- name: fake-aws-sns
  repository: file://../fake-aws-sns
  version: 0.1.0
- name: fake-aws-sqs
  repository: file://../fake-aws-sqs
  version: 0.1.0
- name: fake-aws-s3
  repository: file://../fake-aws-s3
  version: 0.1.0
- name: fake-aws-dynamodb
  repository: file://../fake-aws-dynamodb
  version: 0.1.0
digest: sha256:0fb03469651d8da4cfd02d7b5069c03b678dbe9fc32156917113eaba1f70d12c
generated: 2018-09-19T17:57:39.30653241+02:00
